
Microsoft Visual Studio Solution File, Format Version 12.00
# Visual Studio Version 17
VisualStudioVersion = 17.4.32804.182
MinimumVisualStudioVersion = 10.0.40219.1
Project("{9A19103F-16F7-4668-BE54-9A1E7A4F7556}") = "Envios", "Envios\Envios.csproj", "{A689150A-45A1-4CCF-96D1-78CF9D5D2DA6}"
EndProject
Project("{FAE04EC0-301F-11D3-BF4B-00C04F79EFBC}") = "Contracts", "Contracts\Contracts.csproj", "{0BD846A5-E065-45B4-ABA4-EDB256A74F60}"
EndProject
Global
	GlobalSection(SolutionConfigurationPlatforms) = preSolution
		Debug|Any CPU = Debug|Any CPU
		Release|Any CPU = Release|Any CPU
	EndGlobalSection
	GlobalSection(ProjectConfigurationPlatforms) = postSolution
		{A689150A-45A1-4CCF-96D1-78CF9D5D2DA6}.Debug|Any CPU.ActiveCfg = Debug|Any CPU
		{A689150A-45A1-4CCF-96D1-78CF9D5D2DA6}.Debug|Any CPU.Build.0 = Debug|Any CPU
		{A689150A-45A1-4CCF-96D1-78CF9D5D2DA6}.Release|Any CPU.ActiveCfg = Release|Any CPU
		{A689150A-45A1-4CCF-96D1-78CF9D5D2DA6}.Release|Any CPU.Build.0 = Release|Any CPU
		{0BD846A5-E065-45B4-ABA4-EDB256A74F60}.Debug|Any CPU.ActiveCfg = Debug|Any CPU
		{0BD846A5-E065-45B4-ABA4-EDB256A74F60}.Debug|Any CPU.Build.0 = Debug|Any CPU
		{0BD846A5-E065-45B4-ABA4-EDB256A74F60}.Release|Any CPU.ActiveCfg = Release|Any CPU
		{0BD846A5-E065-45B4-ABA4-EDB256A74F60}.Release|Any CPU.Build.0 = Release|Any CPU
	EndGlobalSection
	GlobalSection(SolutionProperties) = preSolution
		HideSolutionNode = FALSE
	EndGlobalSection
	GlobalSection(ExtensibilityGlobals) = postSolution
		SolutionGuid = {B9407A5A-2F03-4CE4-BBDB-F03270F8FD3F}
	EndGlobalSection
EndGlobal
